# This file is automatically @generated by Cargo.
# It is not intended for manual editing.
version = 3

[[package]]
name = "include-bytes-plus"
version = "1.1.0"
source = "registry+https://github.com/rust-lang/crates.io-index"
checksum = "122887eb9acb1544bb0308837039dcfab0ec269f88b46fd2c9a84f3ab124d199"

[[package]]
name = "simple-vsop2013"
version = "0.1.0"
dependencies = [
 "include-bytes-plus",
]
